
Microsoft Visual Studio Solution File, Format Version 10.00
# Visual Studio 2008
Project("{FAE04EC0-301F-11D3-BF4B-00C04F79EFBC}") = "WinformAM", "WinformAM\WinformAM.csproj", "{A0316A24-DA87-4444-AB02-1218AAA6E1CA}"
EndProject
Global
	GlobalSection(SolutionConfigurationPlatforms) = preSolution
		Debug|Any CPU = Debug|Any CPU
		Release|Any CPU = Release|Any CPU
	EndGlobalSection
	GlobalSection(ProjectConfigurationPlatforms) = postSolution
		{A0316A24-DA87-4444-AB02-1218AAA6E1CA}.Debug|Any CPU.ActiveCfg = Debug|Any CPU
		{A0316A24-DA87-4444-AB02-1218AAA6E1CA}.Debug|Any CPU.Build.0 = Debug|Any CPU
		{A0316A24-DA87-4444-AB02-1218AAA6E1CA}.Release|Any CPU.ActiveCfg = Release|Any CPU
		{A0316A24-DA87-4444-AB02-1218AAA6E1CA}.Release|Any CPU.Build.0 = Release|Any CPU
	EndGlobalSection
	GlobalSection(SolutionProperties) = preSolution
		HideSolutionNode = FALSE
	EndGlobalSection
EndGlobal
